
Microsoft Visual Studio Solution File, Format Version 11.00
# Visual Studio 2010
Project("{FAE04EC0-301F-11D3-BF4B-00C04F79EFBC}") = "QMTest_ThiTN", "QMTest_ThiTN\QMTest_ThiTN.csproj", "{B50CA605-3E81-4292-9C47-D6B2CD44984C}"
EndProject
Global
	GlobalSection(SolutionConfigurationPlatforms) = preSolution
		Debug|x86 = Debug|x86
		Release|x86 = Release|x86
	EndGlobalSection
	GlobalSection(ProjectConfigurationPlatforms) = postSolution
		{B50CA605-3E81-4292-9C47-D6B2CD44984C}.Debug|x86.ActiveCfg = Debug|x86
		{B50CA605-3E81-4292-9C47-D6B2CD44984C}.Debug|x86.Build.0 = Debug|x86
		{B50CA605-3E81-4292-9C47-D6B2CD44984C}.Release|x86.ActiveCfg = Release|x86
		{B50CA605-3E81-4292-9C47-D6B2CD44984C}.Release|x86.Build.0 = Release|x86
	EndGlobalSection
	GlobalSection(SolutionProperties) = preSolution
		HideSolutionNode = FALSE
	EndGlobalSection
EndGlobal
